// !$*UTF8*$!
{
	archiveVersion = 1;
	classes = {
	};
	objectVersion = 56;
	objects = {

/* Begin PBXBuildFile section */
		B7058B262CB173210098CC44 /* UIViewControllerPrc.swift in Sources */ = {isa = PBXBuildFile; fileRef = B7058B252CB173210098CC44 /* UIViewControllerPrc.swift */; };
		B7058B282CB19CD60098CC44 /* ProtocolsDemo.swift in Sources */ = {isa = PBXBuildFile; fileRef = B7058B272CB19CD60098CC44 /* ProtocolsDemo.swift */; };
		B7058B2A2CB2A4630098CC44 /* 20_EscapingBootCamp.swift in Sources */ = {isa = PBXBuildFile; fileRef = B7058B292CB2A4630098CC44 /* 20_EscapingBootCamp.swift */; };
		B7058B2C2CB334550098CC44 /* 3_AsyncAwait.swift in Sources */ = {isa = PBXBuildFile; fileRef = B7058B2B2CB334550098CC44 /* 3_AsyncAwait.swift */; };
		B7058B2E2CB3F10E0098CC44 /* 22_DownloadJsonUsingEscaping.swift in Sources */ = {isa = PBXBuildFile; fileRef = B7058B2D2CB3F10E0098CC44 /* 22_DownloadJsonUsingEscaping.swift */; };
		B7058B302CB43D230098CC44 /* 23_DownloadWithCombine.swift in Sources */ = {isa = PBXBuildFile; fileRef = B7058B2F2CB43D230098CC44 /* 23_DownloadWithCombine.swift */; };
		B71F1D782C6F642600B5C737 /* SwiftUI_LearningApp.swift in Sources */ = {isa = PBXBuildFile; fileRef = B71F1D772C6F642600B5C737 /* SwiftUI_LearningApp.swift */; };
		B71F1D7A2C6F642600B5C737 /* ContentView.swift in Sources */ = {isa = PBXBuildFile; fileRef = B71F1D792C6F642600B5C737 /* ContentView.swift */; };
		B71F1D7C2C6F642800B5C737 /* Assets.xcassets in Resources */ = {isa = PBXBuildFile; fileRef = B71F1D7B2C6F642800B5C737 /* Assets.xcassets */; };
		B71F1D7F2C6F642800B5C737 /* Preview Assets.xcassets in Resources */ = {isa = PBXBuildFile; fileRef = B71F1D7E2C6F642800B5C737 /* Preview Assets.xcassets */; };
		B71F1D862C6FD45A00B5C737 /* MagnificationGestureDemo.swift in Sources */ = {isa = PBXBuildFile; fileRef = B71F1D852C6FD45900B5C737 /* MagnificationGestureDemo.swift */; };
		B71F1D882C74B0F000B5C737 /* RotationGestureDemo.swift in Sources */ = {isa = PBXBuildFile; fileRef = B71F1D872C74B0F000B5C737 /* RotationGestureDemo.swift */; };
		B71F1D8A2C74B3AC00B5C737 /* DragGestureDemo.swift in Sources */ = {isa = PBXBuildFile; fileRef = B71F1D892C74B3AC00B5C737 /* DragGestureDemo.swift */; };
		B71F1D8C2C74C00400B5C737 /* DragGestureDemo2.swift in Sources */ = {isa = PBXBuildFile; fileRef = B71F1D8B2C74C00400B5C737 /* DragGestureDemo2.swift */; };
		B71F1D8E2C75E9B900B5C737 /* ScrollViewReaderDemo.swift in Sources */ = {isa = PBXBuildFile; fileRef = B71F1D8D2C75E9B900B5C737 /* ScrollViewReaderDemo.swift */; };
		B71F1D902C75FAAB00B5C737 /* GeometryReaderDemo.swift in Sources */ = {isa = PBXBuildFile; fileRef = B71F1D8F2C75FAAB00B5C737 /* GeometryReaderDemo.swift */; };
		B71F1D922C75FDB800B5C737 /* GeometryReaderWithScrollView.swift in Sources */ = {isa = PBXBuildFile; fileRef = B71F1D912C75FDB800B5C737 /* GeometryReaderWithScrollView.swift */; };
		B71F1D962C765A9500B5C737 /* AnimationDemo.swift in Sources */ = {isa = PBXBuildFile; fileRef = B71F1D952C765A9500B5C737 /* AnimationDemo.swift */; };
		B71F1D9E2C7E53A700B5C737 /* 8_Masking.swift in Sources */ = {isa = PBXBuildFile; fileRef = B71F1D9D2C7E53A700B5C737 /* 8_Masking.swift */; };
		B71F1DA02C7E5E8500B5C737 /* 9_Sounds.swift in Sources */ = {isa = PBXBuildFile; fileRef = B71F1D9F2C7E5E8500B5C737 /* 9_Sounds.swift */; };
		B71F1DA42C7F1DA700B5C737 /* Sound2.mp3 in Resources */ = {isa = PBXBuildFile; fileRef = B71F1DA22C7F1DA700B5C737 /* Sound2.mp3 */; };
		B71F1DA52C7F1DA700B5C737 /* Sound1.mp3 in Resources */ = {isa = PBXBuildFile; fileRef = B71F1DA32C7F1DA700B5C737 /* Sound1.mp3 */; };
		B71F1DA72C7F7D3900B5C737 /* 10_Haptic.swift in Sources */ = {isa = PBXBuildFile; fileRef = B71F1DA62C7F7D3800B5C737 /* 10_Haptic.swift */; };
		B71F1DA92C8258A500B5C737 /* 11_PushNotifications.swift in Sources */ = {isa = PBXBuildFile; fileRef = B71F1DA82C8258A500B5C737 /* 11_PushNotifications.swift */; };
		B71F1DAB2C84D8CB00B5C737 /* 12_HashableProtocol.swift in Sources */ = {isa = PBXBuildFile; fileRef = B71F1DAA2C84D8CB00B5C737 /* 12_HashableProtocol.swift */; };
		B71F1DAD2C85C54D00B5C737 /* 13_SortFilterMap.swift in Sources */ = {isa = PBXBuildFile; fileRef = B71F1DAC2C85C54D00B5C737 /* 13_SortFilterMap.swift */; };
		B71F1DAF2C8722B500B5C737 /* 15_CoreData.swift in Sources */ = {isa = PBXBuildFile; fileRef = B71F1DAE2C8722B500B5C737 /* 15_CoreData.swift */; };
		B71F1DB22C87245C00B5C737 /* FruitsContainer.xcdatamodeld in Sources */ = {isa = PBXBuildFile; fileRef = B71F1DB02C87245B00B5C737 /* FruitsContainer.xcdatamodeld */; };
		B7202EAD2C8F4FDF00B4C490 /* PreferenceKeyDemo.swift in Sources */ = {isa = PBXBuildFile; fileRef = B7202EAC2C8F4FDF00B4C490 /* PreferenceKeyDemo.swift */; };
		B7202EAF2C8F55E900B4C490 /* GeometryPreferenceKey.swift in Sources */ = {isa = PBXBuildFile; fileRef = B7202EAE2C8F55E900B4C490 /* GeometryPreferenceKey.swift */; };
		B7202EB12C907CAD00B4C490 /* ScrollViewOffsetPreferenceKey.swift in Sources */ = {isa = PBXBuildFile; fileRef = B7202EB02C907CAD00B4C490 /* ScrollViewOffsetPreferenceKey.swift */; };
		B7202EB42C99ADE700B4C490 /* AppTabBarView.swift in Sources */ = {isa = PBXBuildFile; fileRef = B7202EB32C99ADE700B4C490 /* AppTabBarView.swift */; };
		B7202EB62C99AFC700B4C490 /* CustomTabBarView.swift in Sources */ = {isa = PBXBuildFile; fileRef = B7202EB52C99AFC700B4C490 /* CustomTabBarView.swift */; };
		B7202EB82C9A075B00B4C490 /* CustomTabBarContainerView.swift in Sources */ = {isa = PBXBuildFile; fileRef = B7202EB72C9A075B00B4C490 /* CustomTabBarContainerView.swift */; };
		B7202EBA2C9AC7CA00B4C490 /* TabBarItemsPreferenceKey.swift in Sources */ = {isa = PBXBuildFile; fileRef = B7202EB92C9AC7CA00B4C490 /* TabBarItemsPreferenceKey.swift */; };
		B7202EBC2C9AD51500B4C490 /* TabBarItem.swift in Sources */ = {isa = PBXBuildFile; fileRef = B7202EBB2C9AD51500B4C490 /* TabBarItem.swift */; };
		B7202EBF2C9B2D1C00B4C490 /* AppNavBarView.swift in Sources */ = {isa = PBXBuildFile; fileRef = B7202EBE2C9B2D1C00B4C490 /* AppNavBarView.swift */; };
		B7202EC12C9DC7E900B4C490 /* CustomNavBarView.swift in Sources */ = {isa = PBXBuildFile; fileRef = B7202EC02C9DC7E900B4C490 /* CustomNavBarView.swift */; };
		B7202EC32C9DF58700B4C490 /* CustomNavBarContainerView.swift in Sources */ = {isa = PBXBuildFile; fileRef = B7202EC22C9DF58700B4C490 /* CustomNavBarContainerView.swift */; };
		B7202EC52C9ED68C00B4C490 /* CustomNavView.swift in Sources */ = {isa = PBXBuildFile; fileRef = B7202EC42C9ED68C00B4C490 /* CustomNavView.swift */; };
		B7202EC72C9EDA1600B4C490 /* CustomNavLink.swift in Sources */ = {isa = PBXBuildFile; fileRef = B7202EC62C9EDA1600B4C490 /* CustomNavLink.swift */; };
		B7202EC92C9EE46800B4C490 /* CustomNavBarPreferenceKey.swift in Sources */ = {isa = PBXBuildFile; fileRef = B7202EC82C9EE46800B4C490 /* CustomNavBarPreferenceKey.swift */; };
		B76F0B512CD80AC10008B163 /* mangerFile.swift in Sources */ = {isa = PBXBuildFile; fileRef = B76F0B502CD80AC10008B163 /* mangerFile.swift */; };
		B77FB4192CAEFA0800DFC36C /* DoCatchTryThrows.swift in Sources */ = {isa = PBXBuildFile; fileRef = B77FB4182CAEFA0800DFC36C /* DoCatchTryThrows.swift */; };
		B77FB41B2CAF0F2400DFC36C /* ImageAsyncAwait.swift in Sources */ = {isa = PBXBuildFile; fileRef = B77FB41A2CAF0F2400DFC36C /* ImageAsyncAwait.swift */; };
		B799913E2CB1406A000C392E /* UIViewRepresentablePrc.swift in Sources */ = {isa = PBXBuildFile; fileRef = B799913D2CB1406A000C392E /* UIViewRepresentablePrc.swift */; };
		B7D197AF2CE88CB5009BEFE6 /* TimerDemo.swift in Sources */ = {isa = PBXBuildFile; fileRef = B7D197AE2CE88CB5009BEFE6 /* TimerDemo.swift */; };
		B7EB5D6A2CDA84F400BE7159 /* ApiManager.swift in Sources */ = {isa = PBXBuildFile; fileRef = B7EB5D692CDA84F400BE7159 /* ApiManager.swift */; };
/* End PBXBuildFile section */

/* Begin PBXFileReference section */
		B7058B252CB173210098CC44 /* UIViewControllerPrc.swift */ = {isa = PBXFileReference; lastKnownFileType = sourcecode.swift; path = UIViewControllerPrc.swift; sourceTree = "<group>"; };
		B7058B272CB19CD60098CC44 /* ProtocolsDemo.swift */ = {isa = PBXFileReference; lastKnownFileType = sourcecode.swift; path = ProtocolsDemo.swift; sourceTree = "<group>"; };
		B7058B292CB2A4630098CC44 /* 20_EscapingBootCamp.swift */ = {isa = PBXFileReference; lastKnownFileType = sourcecode.swift; path = 20_EscapingBootCamp.swift; sourceTree = "<group>"; };
		B7058B2B2CB334550098CC44 /* 3_AsyncAwait.swift */ = {isa = PBXFileReference; lastKnownFileType = sourcecode.swift; path = 3_AsyncAwait.swift; sourceTree = "<group>"; };
		B7058B2D2CB3F10E0098CC44 /* 22_DownloadJsonUsingEscaping.swift */ = {isa = PBXFileReference; lastKnownFileType = sourcecode.swift; path = 22_DownloadJsonUsingEscaping.swift; sourceTree = "<group>"; };
		B7058B2F2CB43D230098CC44 /* 23_DownloadWithCombine.swift */ = {isa = PBXFileReference; lastKnownFileType = sourcecode.swift; path = 23_DownloadWithCombine.swift; sourceTree = "<group>"; };
		B71F1D742C6F642600B5C737 /* SwiftUI Learning.app */ = {isa = PBXFileReference; explicitFileType = wrapper.application; includeInIndex = 0; path = "SwiftUI Learning.app"; sourceTree = BUILT_PRODUCTS_DIR; };
		B71F1D772C6F642600B5C737 /* SwiftUI_LearningApp.swift */ = {isa = PBXFileReference; lastKnownFileType = sourcecode.swift; path = SwiftUI_LearningApp.swift; sourceTree = "<group>"; };
		B71F1D792C6F642600B5C737 /* ContentView.swift */ = {isa = PBXFileReference; lastKnownFileType = sourcecode.swift; path = ContentView.swift; sourceTree = "<group>"; };
		B71F1D7B2C6F642800B5C737 /* Assets.xcassets */ = {isa = PBXFileReference; lastKnownFileType = folder.assetcatalog; path = Assets.xcassets; sourceTree = "<group>"; };
		B71F1D7E2C6F642800B5C737 /* Preview Assets.xcassets */ = {isa = PBXFileReference; lastKnownFileType = folder.assetcatalog; path = "Preview Assets.xcassets"; sourceTree = "<group>"; };
		B71F1D852C6FD45900B5C737 /* MagnificationGestureDemo.swift */ = {isa = PBXFileReference; lastKnownFileType = sourcecode.swift; path = MagnificationGestureDemo.swift; sourceTree = "<group>"; };
		B71F1D872C74B0F000B5C737 /* RotationGestureDemo.swift */ = {isa = PBXFileReference; lastKnownFileType = sourcecode.swift; path = RotationGestureDemo.swift; sourceTree = "<group>"; };
		B71F1D892C74B3AC00B5C737 /* DragGestureDemo.swift */ = {isa = PBXFileReference; lastKnownFileType = sourcecode.swift; path = DragGestureDemo.swift; sourceTree = "<group>"; };
		B71F1D8B2C74C00400B5C737 /* DragGestureDemo2.swift */ = {isa = PBXFileReference; lastKnownFileType = sourcecode.swift; path = DragGestureDemo2.swift; sourceTree = "<group>"; };
		B71F1D8D2C75E9B900B5C737 /* ScrollViewReaderDemo.swift */ = {isa = PBXFileReference; lastKnownFileType = sourcecode.swift; path = ScrollViewReaderDemo.swift; sourceTree = "<group>"; };
		B71F1D8F2C75FAAB00B5C737 /* GeometryReaderDemo.swift */ = {isa = PBXFileReference; lastKnownFileType = sourcecode.swift; path = GeometryReaderDemo.swift; sourceTree = "<group>"; };
		B71F1D912C75FDB800B5C737 /* GeometryReaderWithScrollView.swift */ = {isa = PBXFileReference; lastKnownFileType = sourcecode.swift; path = GeometryReaderWithScrollView.swift; sourceTree = "<group>"; };
		B71F1D952C765A9500B5C737 /* AnimationDemo.swift */ = {isa = PBXFileReference; lastKnownFileType = sourcecode.swift; path = AnimationDemo.swift; sourceTree = "<group>"; };
		B71F1D9D2C7E53A700B5C737 /* 8_Masking.swift */ = {isa = PBXFileReference; lastKnownFileType = sourcecode.swift; path = 8_Masking.swift; sourceTree = "<group>"; };
		B71F1D9F2C7E5E8500B5C737 /* 9_Sounds.swift */ = {isa = PBXFileReference; lastKnownFileType = sourcecode.swift; path = 9_Sounds.swift; sourceTree = "<group>"; };
		B71F1DA22C7F1DA700B5C737 /* Sound2.mp3 */ = {isa = PBXFileReference; lastKnownFileType = audio.mp3; path = Sound2.mp3; sourceTree = "<group>"; };
		B71F1DA32C7F1DA700B5C737 /* Sound1.mp3 */ = {isa = PBXFileReference; lastKnownFileType = audio.mp3; path = Sound1.mp3; sourceTree = "<group>"; };
		B71F1DA62C7F7D3800B5C737 /* 10_Haptic.swift */ = {isa = PBXFileReference; lastKnownFileType = sourcecode.swift; path = 10_Haptic.swift; sourceTree = "<group>"; };
		B71F1DA82C8258A500B5C737 /* 11_PushNotifications.swift */ = {isa = PBXFileReference; lastKnownFileType = sourcecode.swift; path = 11_PushNotifications.swift; sourceTree = "<group>"; };
		B71F1DAA2C84D8CB00B5C737 /* 12_HashableProtocol.swift */ = {isa = PBXFileReference; lastKnownFileType = sourcecode.swift; path = 12_HashableProtocol.swift; sourceTree = "<group>"; };
		B71F1DAC2C85C54D00B5C737 /* 13_SortFilterMap.swift */ = {isa = PBXFileReference; lastKnownFileType = sourcecode.swift; path = 13_SortFilterMap.swift; sourceTree = "<group>"; };
		B71F1DAE2C8722B500B5C737 /* 15_CoreData.swift */ = {isa = PBXFileReference; lastKnownFileType = sourcecode.swift; path = 15_CoreData.swift; sourceTree = "<group>"; };
		B71F1DB12C87245C00B5C737 /* FruitsContainer.xcdatamodel */ = {isa = PBXFileReference; lastKnownFileType = wrapper.xcdatamodel; path = FruitsContainer.xcdatamodel; sourceTree = "<group>"; };
		B7202EAC2C8F4FDF00B4C490 /* PreferenceKeyDemo.swift */ = {isa = PBXFileReference; lastKnownFileType = sourcecode.swift; path = PreferenceKeyDemo.swift; sourceTree = "<group>"; };
		B7202EAE2C8F55E900B4C490 /* GeometryPreferenceKey.swift */ = {isa = PBXFileReference; lastKnownFileType = sourcecode.swift; path = GeometryPreferenceKey.swift; sourceTree = "<group>"; };
		B7202EB02C907CAD00B4C490 /* ScrollViewOffsetPreferenceKey.swift */ = {isa = PBXFileReference; lastKnownFileType = sourcecode.swift; path = ScrollViewOffsetPreferenceKey.swift; sourceTree = "<group>"; };
		B7202EB32C99ADE700B4C490 /* AppTabBarView.swift */ = {isa = PBXFileReference; lastKnownFileType = sourcecode.swift; path = AppTabBarView.swift; sourceTree = "<group>"; };
		B7202EB52C99AFC700B4C490 /* CustomTabBarView.swift */ = {isa = PBXFileReference; lastKnownFileType = sourcecode.swift; path = CustomTabBarView.swift; sourceTree = "<group>"; };
		B7202EB72C9A075B00B4C490 /* CustomTabBarContainerView.swift */ = {isa = PBXFileReference; lastKnownFileType = sourcecode.swift; path = CustomTabBarContainerView.swift; sourceTree = "<group>"; };
		B7202EB92C9AC7CA00B4C490 /* TabBarItemsPreferenceKey.swift */ = {isa = PBXFileReference; lastKnownFileType = sourcecode.swift; path = TabBarItemsPreferenceKey.swift; sourceTree = "<group>"; };
		B7202EBB2C9AD51500B4C490 /* TabBarItem.swift */ = {isa = PBXFileReference; lastKnownFileType = sourcecode.swift; path = TabBarItem.swift; sourceTree = "<group>"; };
		B7202EBE2C9B2D1C00B4C490 /* AppNavBarView.swift */ = {isa = PBXFileReference; lastKnownFileType = sourcecode.swift; path = AppNavBarView.swift; sourceTree = "<group>"; };
		B7202EC02C9DC7E900B4C490 /* CustomNavBarView.swift */ = {isa = PBXFileReference; lastKnownFileType = sourcecode.swift; path = CustomNavBarView.swift; sourceTree = "<group>"; };
		B7202EC22C9DF58700B4C490 /* CustomNavBarContainerView.swift */ = {isa = PBXFileReference; lastKnownFileType = sourcecode.swift; path = CustomNavBarContainerView.swift; sourceTree = "<group>"; };
		B7202EC42C9ED68C00B4C490 /* CustomNavView.swift */ = {isa = PBXFileReference; lastKnownFileType = sourcecode.swift; path = CustomNavView.swift; sourceTree = "<group>"; };
		B7202EC62C9EDA1600B4C490 /* CustomNavLink.swift */ = {isa = PBXFileReference; lastKnownFileType = sourcecode.swift; path = CustomNavLink.swift; sourceTree = "<group>"; };
		B7202EC82C9EE46800B4C490 /* CustomNavBarPreferenceKey.swift */ = {isa = PBXFileReference; lastKnownFileType = sourcecode.swift; path = CustomNavBarPreferenceKey.swift; sourceTree = "<group>"; };
		B76F0B502CD80AC10008B163 /* mangerFile.swift */ = {isa = PBXFileReference; lastKnownFileType = sourcecode.swift; path = mangerFile.swift; sourceTree = "<group>"; };
		B77FB4182CAEFA0800DFC36C /* DoCatchTryThrows.swift */ = {isa = PBXFileReference; lastKnownFileType = sourcecode.swift; path = DoCatchTryThrows.swift; sourceTree = "<group>"; };
		B77FB41A2CAF0F2400DFC36C /* ImageAsyncAwait.swift */ = {isa = PBXFileReference; lastKnownFileType = sourcecode.swift; path = ImageAsyncAwait.swift; sourceTree = "<group>"; };
		B799913D2CB1406A000C392E /* UIViewRepresentablePrc.swift */ = {isa = PBXFileReference; lastKnownFileType = sourcecode.swift; path = UIViewRepresentablePrc.swift; sourceTree = "<group>"; };
		B7D197AE2CE88CB5009BEFE6 /* TimerDemo.swift */ = {isa = PBXFileReference; lastKnownFileType = sourcecode.swift; path = TimerDemo.swift; sourceTree = "<group>"; };
		B7EB5D692CDA84F400BE7159 /* ApiManager.swift */ = {isa = PBXFileReference; lastKnownFileType = sourcecode.swift; path = ApiManager.swift; sourceTree = "<group>"; };
/* End PBXFileReference section */

/* Begin PBXFrameworksBuildPhase section */
		B71F1D712C6F642600B5C737 /* Frameworks */ = {
			isa = PBXFrameworksBuildPhase;
			buildActionMask = 2147483647;
			files = (
			);
			runOnlyForDeploymentPostprocessing = 0;
		};
/* End PBXFrameworksBuildPhase section */

/* Begin PBXGroup section */
		B71F1D6B2C6F642600B5C737 = {
			isa = PBXGroup;
			children = (
				B71F1D762C6F642600B5C737 /* SwiftUI Learning */,
				B71F1D752C6F642600B5C737 /* Products */,
			);
			sourceTree = "<group>";
		};
		B71F1D752C6F642600B5C737 /* Products */ = {
			isa = PBXGroup;
			children = (
				B71F1D742C6F642600B5C737 /* SwiftUI Learning.app */,
			);
			name = Products;
			sourceTree = "<group>";
		};
		B71F1D762C6F642600B5C737 /* SwiftUI Learning */ = {
			isa = PBXGroup;
			children = (
				B7EB5D622CDA7AE400BE7159 /* Helpers */,
				B7202EAB2C8F4FCD00B4C490 /* Advanced */,
				B77FB4172CAEF6AB00DFC36C /* Concurrency */,
				B71F1D772C6F642600B5C737 /* SwiftUI_LearningApp.swift */,
				B71F1D792C6F642600B5C737 /* ContentView.swift */,
				B71F1D942C760C2C00B5C737 /* Beginner */,
				B71F1D932C760C1B00B5C737 /* Intermediate */,
				B71F1D7D2C6F642800B5C737 /* Preview Content */,
			);
			path = "SwiftUI Learning";
			sourceTree = "<group>";
		};
		B71F1D7D2C6F642800B5C737 /* Preview Content */ = {
			isa = PBXGroup;
			children = (
				B71F1D7E2C6F642800B5C737 /* Preview Assets.xcassets */,
			);
			path = "Preview Content";
			sourceTree = "<group>";
		};
		B71F1D932C760C1B00B5C737 /* Intermediate */ = {
			isa = PBXGroup;
			children = (
				B71F1D852C6FD45900B5C737 /* MagnificationGestureDemo.swift */,
				B71F1D872C74B0F000B5C737 /* RotationGestureDemo.swift */,
				B71F1D892C74B3AC00B5C737 /* DragGestureDemo.swift */,
				B71F1D8B2C74C00400B5C737 /* DragGestureDemo2.swift */,
				B71F1D8D2C75E9B900B5C737 /* ScrollViewReaderDemo.swift */,
				B71F1D8F2C75FAAB00B5C737 /* GeometryReaderDemo.swift */,
				B71F1D912C75FDB800B5C737 /* GeometryReaderWithScrollView.swift */,
				B71F1D9D2C7E53A700B5C737 /* 8_Masking.swift */,
				B71F1D9F2C7E5E8500B5C737 /* 9_Sounds.swift */,
				B71F1D7B2C6F642800B5C737 /* Assets.xcassets */,
				B71F1DA62C7F7D3800B5C737 /* 10_Haptic.swift */,
				B71F1DA82C8258A500B5C737 /* 11_PushNotifications.swift */,
				B71F1DAA2C84D8CB00B5C737 /* 12_HashableProtocol.swift */,
				B71F1DAC2C85C54D00B5C737 /* 13_SortFilterMap.swift */,
				B71F1DAE2C8722B500B5C737 /* 15_CoreData.swift */,
				B7058B292CB2A4630098CC44 /* 20_EscapingBootCamp.swift */,
				B7058B2D2CB3F10E0098CC44 /* 22_DownloadJsonUsingEscaping.swift */,
				B7058B2F2CB43D230098CC44 /* 23_DownloadWithCombine.swift */,
				B71F1DB02C87245B00B5C737 /* FruitsContainer.xcdatamodeld */,
				B71F1DA12C7F1D9700B5C737 /* Sounds */,
				B7D197AE2CE88CB5009BEFE6 /* TimerDemo.swift */,
			);
			path = Intermediate;
			sourceTree = "<group>";
		};
		B71F1D942C760C2C00B5C737 /* Beginner */ = {
			isa = PBXGroup;
			children = (
				B71F1D952C765A9500B5C737 /* AnimationDemo.swift */,
			);
			path = Beginner;
			sourceTree = "<group>";
		};
		B71F1DA12C7F1D9700B5C737 /* Sounds */ = {
			isa = PBXGroup;
			children = (
				B71F1DA32C7F1DA700B5C737 /* Sound1.mp3 */,
				B71F1DA22C7F1DA700B5C737 /* Sound2.mp3 */,
			);
			path = Sounds;
			sourceTree = "<group>";
		};
		B7202EAB2C8F4FCD00B4C490 /* Advanced */ = {
			isa = PBXGroup;
			children = (
				B7202EBD2C9B2D0700B4C490 /* NavBar */,
				B7202EB22C99ADCC00B4C490 /* Tab Bar */,
				B7202EAC2C8F4FDF00B4C490 /* PreferenceKeyDemo.swift */,
				B7202EAE2C8F55E900B4C490 /* GeometryPreferenceKey.swift */,
				B7202EB02C907CAD00B4C490 /* ScrollViewOffsetPreferenceKey.swift */,
				B799913D2CB1406A000C392E /* UIViewRepresentablePrc.swift */,
				B7058B252CB173210098CC44 /* UIViewControllerPrc.swift */,
				B7058B272CB19CD60098CC44 /* ProtocolsDemo.swift */,
			);
			path = Advanced;
			sourceTree = "<group>";
		};
		B7202EB22C99ADCC00B4C490 /* Tab Bar */ = {
			isa = PBXGroup;
			children = (
				B7202EB32C99ADE700B4C490 /* AppTabBarView.swift */,
				B7202EB52C99AFC700B4C490 /* CustomTabBarView.swift */,
				B7202EB72C9A075B00B4C490 /* CustomTabBarContainerView.swift */,
				B7202EB92C9AC7CA00B4C490 /* TabBarItemsPreferenceKey.swift */,
				B7202EBB2C9AD51500B4C490 /* TabBarItem.swift */,
			);
			path = "Tab Bar";
			sourceTree = "<group>";
		};
		B7202EBD2C9B2D0700B4C490 /* NavBar */ = {
			isa = PBXGroup;
			children = (
				B7202EBE2C9B2D1C00B4C490 /* AppNavBarView.swift */,
				B7202EC42C9ED68C00B4C490 /* CustomNavView.swift */,
				B7202EC02C9DC7E900B4C490 /* CustomNavBarView.swift */,
				B7202EC22C9DF58700B4C490 /* CustomNavBarContainerView.swift */,
				B7202EC62C9EDA1600B4C490 /* CustomNavLink.swift */,
				B7202EC82C9EE46800B4C490 /* CustomNavBarPreferenceKey.swift */,
			);
			path = NavBar;
			sourceTree = "<group>";
		};
		B77FB4172CAEF6AB00DFC36C /* Concurrency */ = {
			isa = PBXGroup;
			children = (
				B77FB4182CAEFA0800DFC36C /* DoCatchTryThrows.swift */,
				B77FB41A2CAF0F2400DFC36C /* ImageAsyncAwait.swift */,
				B7058B2B2CB334550098CC44 /* 3_AsyncAwait.swift */,
			);
			path = Concurrency;
			sourceTree = "<group>";
		};
		B7EB5D622CDA7AE400BE7159 /* Helpers */ = {
			isa = PBXGroup;
			children = (
				B76F0B502CD80AC10008B163 /* mangerFile.swift */,
				B7EB5D692CDA84F400BE7159 /* ApiManager.swift */,
			);
			path = Helpers;
			sourceTree = "<group>";
		};
/* End PBXGroup section */

/* Begin PBXNativeTarget section */
		B71F1D732C6F642600B5C737 /* SwiftUI Learning */ = {
			isa = PBXNativeTarget;
			buildConfigurationList = B71F1D822C6F642800B5C737 /* Build configuration list for PBXNativeTarget "SwiftUI Learning" */;
			buildPhases = (
				B71F1D702C6F642600B5C737 /* Sources */,
				B71F1D712C6F642600B5C737 /* Frameworks */,
				B71F1D722C6F642600B5C737 /* Resources */,
			);
			buildRules = (
			);
			dependencies = (
			);
			name = "SwiftUI Learning";
			productName = "SwiftUI Learning";
			productReference = B71F1D742C6F642600B5C737 /* SwiftUI Learning.app */;
			productType = "com.apple.product-type.application";
		};
/* End PBXNativeTarget section */

/* Begin PBXProject section */
		B71F1D6C2C6F642600B5C737 /* Project object */ = {
			isa = PBXProject;
			attributes = {
				BuildIndependentTargetsInParallel = 1;
				LastSwiftUpdateCheck = 1540;
				LastUpgradeCheck = 1540;
				TargetAttributes = {
					B71F1D732C6F642600B5C737 = {
						CreatedOnToolsVersion = 15.4;
					};
				};
			};
			buildConfigurationList = B71F1D6F2C6F642600B5C737 /* Build configuration list for PBXProject "SwiftUI Learning" */;
			compatibilityVersion = "Xcode 14.0";
			developmentRegion = en;
			hasScannedForEncodings = 0;
			knownRegions = (
				en,
				Base,
			);
			mainGroup = B71F1D6B2C6F642600B5C737;
			productRefGroup = B71F1D752C6F642600B5C737 /* Products */;
			projectDirPath = "";
			projectRoot = "";
			targets = (
				B71F1D732C6F642600B5C737 /* SwiftUI Learning */,
			);
		};
/* End PBXProject section */

/* Begin PBXResourcesBuildPhase section */
		B71F1D722C6F642600B5C737 /* Resources */ = {
			isa = PBXResourcesBuildPhase;
			buildActionMask = 2147483647;
			files = (
				B71F1D7F2C6F642800B5C737 /* Preview Assets.xcassets in Resources */,
				B71F1D7C2C6F642800B5C737 /* Assets.xcassets in Resources */,
				B71F1DA52C7F1DA700B5C737 /* Sound1.mp3 in Resources */,
				B71F1DA42C7F1DA700B5C737 /* Sound2.mp3 in Resources */,
			);
			runOnlyForDeploymentPostprocessing = 0;
		};
/* End PBXResourcesBuildPhase section */

/* Begin PBXSourcesBuildPhase section */
		B71F1D702C6F642600B5C737 /* Sources */ = {
			isa = PBXSourcesBuildPhase;
			buildActionMask = 2147483647;
			files = (
				B7D197AF2CE88CB5009BEFE6 /* TimerDemo.swift in Sources */,
				B7202EB42C99ADE700B4C490 /* AppTabBarView.swift in Sources */,
				B71F1DB22C87245C00B5C737 /* FruitsContainer.xcdatamodeld in Sources */,
				B7058B2E2CB3F10E0098CC44 /* 22_DownloadJsonUsingEscaping.swift in Sources */,
				B7202EBF2C9B2D1C00B4C490 /* AppNavBarView.swift in Sources */,
				B71F1DAD2C85C54D00B5C737 /* 13_SortFilterMap.swift in Sources */,
				B7202EC32C9DF58700B4C490 /* CustomNavBarContainerView.swift in Sources */,
				B7058B282CB19CD60098CC44 /* ProtocolsDemo.swift in Sources */,
				B77FB41B2CAF0F2400DFC36C /* ImageAsyncAwait.swift in Sources */,
				B71F1D882C74B0F000B5C737 /* RotationGestureDemo.swift in Sources */,
				B7058B302CB43D230098CC44 /* 23_DownloadWithCombine.swift in Sources */,
				B76F0B512CD80AC10008B163 /* mangerFile.swift in Sources */,
				B71F1DA02C7E5E8500B5C737 /* 9_Sounds.swift in Sources */,
				B71F1D8E2C75E9B900B5C737 /* ScrollViewReaderDemo.swift in Sources */,
				B7202EB62C99AFC700B4C490 /* CustomTabBarView.swift in Sources */,
				B7202EB82C9A075B00B4C490 /* CustomTabBarContainerView.swift in Sources */,
				B71F1D7A2C6F642600B5C737 /* ContentView.swift in Sources */,
				B71F1DAB2C84D8CB00B5C737 /* 12_HashableProtocol.swift in Sources */,
				B71F1D782C6F642600B5C737 /* SwiftUI_LearningApp.swift in Sources */,
				B7202EC72C9EDA1600B4C490 /* CustomNavLink.swift in Sources */,
				B7EB5D6A2CDA84F400BE7159 /* ApiManager.swift in Sources */,
				B7202EAD2C8F4FDF00B4C490 /* PreferenceKeyDemo.swift in Sources */,
				B71F1D922C75FDB800B5C737 /* GeometryReaderWithScrollView.swift in Sources */,
				B7202EAF2C8F55E900B4C490 /* GeometryPreferenceKey.swift in Sources */,
				B7202EBA2C9AC7CA00B4C490 /* TabBarItemsPreferenceKey.swift in Sources */,
				B7058B2C2CB334550098CC44 /* 3_AsyncAwait.swift in Sources */,
				B7058B2A2CB2A4630098CC44 /* 20_EscapingBootCamp.swift in Sources */,
				B7202EC52C9ED68C00B4C490 /* CustomNavView.swift in Sources */,
				B71F1DA92C8258A500B5C737 /* 11_PushNotifications.swift in Sources */,
				B799913E2CB1406A000C392E /* UIViewRepresentablePrc.swift in Sources */,
				B71F1D962C765A9500B5C737 /* AnimationDemo.swift in Sources */,
				B71F1DAF2C8722B500B5C737 /* 15_CoreData.swift in Sources */,
				B71F1D8C2C74C00400B5C737 /* DragGestureDemo2.swift in Sources */,
				B7202EC92C9EE46800B4C490 /* CustomNavBarPreferenceKey.swift in Sources */,
				B71F1DA72C7F7D3900B5C737 /* 10_Haptic.swift in Sources */,
				B71F1D8A2C74B3AC00B5C737 /* DragGestureDemo.swift in Sources */,
				B71F1D862C6FD45A00B5C737 /* MagnificationGestureDemo.swift in Sources */,
				B7202EBC2C9AD51500B4C490 /* TabBarItem.swift in Sources */,
				B7058B262CB173210098CC44 /* UIViewControllerPrc.swift in Sources */,
				B7202EB12C907CAD00B4C490 /* ScrollViewOffsetPreferenceKey.swift in Sources */,
				B7202EC12C9DC7E900B4C490 /* CustomNavBarView.swift in Sources */,
				B77FB4192CAEFA0800DFC36C /* DoCatchTryThrows.swift in Sources */,
				B71F1D9E2C7E53A700B5C737 /* 8_Masking.swift in Sources */,
				B71F1D902C75FAAB00B5C737 /* GeometryReaderDemo.swift in Sources */,
			);
			runOnlyForDeploymentPostprocessing = 0;
		};
/* End PBXSourcesBuildPhase section */

/* Begin XCBuildConfiguration section */
		B71F1D802C6F642800B5C737 /* Debug */ = {
			isa = XCBuildConfiguration;
			buildSettings = {
				ALWAYS_SEARCH_USER_PATHS = NO;
				ASSETCATALOG_COMPILER_GENERATE_SWIFT_ASSET_SYMBOL_EXTENSIONS = YES;
				CLANG_ANALYZER_NONNULL = YES;
				CLANG_ANALYZER_NUMBER_OBJECT_CONVERSION = YES_AGGRESSIVE;
				CLANG_CXX_LANGUAGE_STANDARD = "gnu++20";
				CLANG_ENABLE_MODULES = YES;
				CLANG_ENABLE_OBJC_ARC = YES;
				CLANG_ENABLE_OBJC_WEAK = YES;
				CLANG_WARN_BLOCK_CAPTURE_AUTORELEASING = YES;
				CLANG_WARN_BOOL_CONVERSION = YES;
				CLANG_WARN_COMMA = YES;
				CLANG_WARN_CONSTANT_CONVERSION = YES;
				CLANG_WARN_DEPRECATED_OBJC_IMPLEMENTATIONS = YES;
				CLANG_WARN_DIRECT_OBJC_ISA_USAGE = YES_ERROR;
				CLANG_WARN_DOCUMENTATION_COMMENTS = YES;
				CLANG_WARN_EMPTY_BODY = YES;
				CLANG_WARN_ENUM_CONVERSION = YES;
				CLANG_WARN_INFINITE_RECURSION = YES;
				CLANG_WARN_INT_CONVERSION = YES;
				CLANG_WARN_NON_LITERAL_NULL_CONVERSION = YES;
				CLANG_WARN_OBJC_IMPLICIT_RETAIN_SELF = YES;
				CLANG_WARN_OBJC_LITERAL_CONVERSION = YES;
				CLANG_WARN_OBJC_ROOT_CLASS = YES_ERROR;
				CLANG_WARN_QUOTED_INCLUDE_IN_FRAMEWORK_HEADER = YES;
				CLANG_WARN_RANGE_LOOP_ANALYSIS = YES;
				CLANG_WARN_STRICT_PROTOTYPES = YES;
				CLANG_WARN_SUSPICIOUS_MOVE = YES;
				CLANG_WARN_UNGUARDED_AVAILABILITY = YES_AGGRESSIVE;
				CLANG_WARN_UNREACHABLE_CODE = YES;
				CLANG_WARN__DUPLICATE_METHOD_MATCH = YES;
				COPY_PHASE_STRIP = NO;
				DEBUG_INFORMATION_FORMAT = dwarf;
				ENABLE_STRICT_OBJC_MSGSEND = YES;
				ENABLE_TESTABILITY = YES;
				ENABLE_USER_SCRIPT_SANDBOXING = YES;
				GCC_C_LANGUAGE_STANDARD = gnu17;
				GCC_DYNAMIC_NO_PIC = NO;
				GCC_NO_COMMON_BLOCKS = YES;
				GCC_OPTIMIZATION_LEVEL = 0;
				GCC_PREPROCESSOR_DEFINITIONS = (
					"DEBUG=1",
					"$(inherited)",
				);
				GCC_WARN_64_TO_32_BIT_CONVERSION = YES;
				GCC_WARN_ABOUT_RETURN_TYPE = YES_ERROR;
				GCC_WARN_UNDECLARED_SELECTOR = YES;
				GCC_WARN_UNINITIALIZED_AUTOS = YES_AGGRESSIVE;
				GCC_WARN_UNUSED_FUNCTION = YES;
				GCC_WARN_UNUSED_VARIABLE = YES;
				IPHONEOS_DEPLOYMENT_TARGET = 17.5;
				LOCALIZATION_PREFERS_STRING_CATALOGS = YES;
				MTL_ENABLE_DEBUG_INFO = INCLUDE_SOURCE;
				MTL_FAST_MATH = YES;
				ONLY_ACTIVE_ARCH = YES;
				SDKROOT = iphoneos;
				SWIFT_ACTIVE_COMPILATION_CONDITIONS = "DEBUG $(inherited)";
				SWIFT_OPTIMIZATION_LEVEL = "-Onone";
			};
			name = Debug;
		};
		B71F1D812C6F642800B5C737 /* Release */ = {
			isa = XCBuildConfiguration;
			buildSettings = {
				ALWAYS_SEARCH_USER_PATHS = NO;
				ASSETCATALOG_COMPILER_GENERATE_SWIFT_ASSET_SYMBOL_EXTENSIONS = YES;
				CLANG_ANALYZER_NONNULL = YES;
				CLANG_ANALYZER_NUMBER_OBJECT_CONVERSION = YES_AGGRESSIVE;
				CLANG_CXX_LANGUAGE_STANDARD = "gnu++20";
				CLANG_ENABLE_MODULES = YES;
				CLANG_ENABLE_OBJC_ARC = YES;
				CLANG_ENABLE_OBJC_WEAK = YES;
				CLANG_WARN_BLOCK_CAPTURE_AUTORELEASING = YES;
				CLANG_WARN_BOOL_CONVERSION = YES;
				CLANG_WARN_COMMA = YES;
				CLANG_WARN_CONSTANT_CONVERSION = YES;
				CLANG_WARN_DEPRECATED_OBJC_IMPLEMENTATIONS = YES;
				CLANG_WARN_DIRECT_OBJC_ISA_USAGE = YES_ERROR;
				CLANG_WARN_DOCUMENTATION_COMMENTS = YES;
				CLANG_WARN_EMPTY_BODY = YES;
				CLANG_WARN_ENUM_CONVERSION = YES;
				CLANG_WARN_INFINITE_RECURSION = YES;
				CLANG_WARN_INT_CONVERSION = YES;
				CLANG_WARN_NON_LITERAL_NULL_CONVERSION = YES;
				CLANG_WARN_OBJC_IMPLICIT_RETAIN_SELF = YES;
				CLANG_WARN_OBJC_LITERAL_CONVERSION = YES;
				CLANG_WARN_OBJC_ROOT_CLASS = YES_ERROR;
				CLANG_WARN_QUOTED_INCLUDE_IN_FRAMEWORK_HEADER = YES;
				CLANG_WARN_RANGE_LOOP_ANALYSIS = YES;
				CLANG_WARN_STRICT_PROTOTYPES = YES;
				CLANG_WARN_SUSPICIOUS_MOVE = YES;
				CLANG_WARN_UNGUARDED_AVAILABILITY = YES_AGGRESSIVE;
				CLANG_WARN_UNREACHABLE_CODE = YES;
				CLANG_WARN__DUPLICATE_METHOD_MATCH = YES;
				COPY_PHASE_STRIP = NO;
				DEBUG_INFORMATION_FORMAT = "dwarf-with-dsym";
				ENABLE_NS_ASSERTIONS = NO;
				ENABLE_STRICT_OBJC_MSGSEND = YES;
				ENABLE_USER_SCRIPT_SANDBOXING = YES;
				GCC_C_LANGUAGE_STANDARD = gnu17;
				GCC_NO_COMMON_BLOCKS = YES;
				GCC_WARN_64_TO_32_BIT_CONVERSION = YES;
				GCC_WARN_ABOUT_RETURN_TYPE = YES_ERROR;
				GCC_WARN_UNDECLARED_SELECTOR = YES;
				GCC_WARN_UNINITIALIZED_AUTOS = YES_AGGRESSIVE;
				GCC_WARN_UNUSED_FUNCTION = YES;
				GCC_WARN_UNUSED_VARIABLE = YES;
				IPHONEOS_DEPLOYMENT_TARGET = 17.5;
				LOCALIZATION_PREFERS_STRING_CATALOGS = YES;
				MTL_ENABLE_DEBUG_INFO = NO;
				MTL_FAST_MATH = YES;
				SDKROOT = iphoneos;
				SWIFT_COMPILATION_MODE = wholemodule;
				VALIDATE_PRODUCT = YES;
			};
			name = Release;
		};
		B71F1D832C6F642800B5C737 /* Debug */ = {
			isa = XCBuildConfiguration;
			buildSettings = {
				ASSETCATALOG_COMPILER_APPICON_NAME = AppIcon;
				ASSETCATALOG_COMPILER_GLOBAL_ACCENT_COLOR_NAME = AccentColor;
				CODE_SIGN_STYLE = Automatic;
				CURRENT_PROJECT_VERSION = 1;
				DEVELOPMENT_ASSET_PATHS = "\"SwiftUI Learning/Preview Content\"";
				DEVELOPMENT_TEAM = 7LTB7FS93L;
				ENABLE_PREVIEWS = YES;
				GENERATE_INFOPLIST_FILE = YES;
				INFOPLIST_KEY_UIApplicationSceneManifest_Generation = YES;
				INFOPLIST_KEY_UIApplicationSupportsIndirectInputEvents = YES;
				INFOPLIST_KEY_UILaunchScreen_Generation = YES;
				INFOPLIST_KEY_UISupportedInterfaceOrientations_iPad = "UIInterfaceOrientationPortrait UIInterfaceOrientationPortraitUpsideDown UIInterfaceOrientationLandscapeLeft UIInterfaceOrientationLandscapeRight";
				INFOPLIST_KEY_UISupportedInterfaceOrientations_iPhone = "UIInterfaceOrientationPortrait UIInterfaceOrientationLandscapeLeft UIInterfaceOrientationLandscapeRight";
				LD_RUNPATH_SEARCH_PATHS = (
					"$(inherited)",
					"@executable_path/Frameworks",
				);
				MARKETING_VERSION = 1.0;
				PRODUCT_BUNDLE_IDENTIFIER = "com.rahulrai.SwiftUI-Learning";
				PRODUCT_NAME = "$(TARGET_NAME)";
				SWIFT_EMIT_LOC_STRINGS = YES;
				SWIFT_VERSION = 5.0;
				TARGETED_DEVICE_FAMILY = "1,2";
			};
			name = Debug;
		};
		B71F1D842C6F642800B5C737 /* Release */ = {
			isa = XCBuildConfiguration;
			buildSettings = {
				ASSETCATALOG_COMPILER_APPICON_NAME = AppIcon;
				ASSETCATALOG_COMPILER_GLOBAL_ACCENT_COLOR_NAME = AccentColor;
				CODE_SIGN_STYLE = Automatic;
				CURRENT_PROJECT_VERSION = 1;
				DEVELOPMENT_ASSET_PATHS = "\"SwiftUI Learning/Preview Content\"";
				DEVELOPMENT_TEAM = 7LTB7FS93L;
				ENABLE_PREVIEWS = YES;
				GENERATE_INFOPLIST_FILE = YES;
				INFOPLIST_KEY_UIApplicationSceneManifest_Generation = YES;
				INFOPLIST_KEY_UIApplicationSupportsIndirectInputEvents = YES;
				INFOPLIST_KEY_UILaunchScreen_Generation = YES;
				INFOPLIST_KEY_UISupportedInterfaceOrientations_iPad = "UIInterfaceOrientationPortrait UIInterfaceOrientationPortraitUpsideDown UIInterfaceOrientationLandscapeLeft UIInterfaceOrientationLandscapeRight";
				INFOPLIST_KEY_UISupportedInterfaceOrientations_iPhone = "UIInterfaceOrientationPortrait UIInterfaceOrientationLandscapeLeft UIInterfaceOrientationLandscapeRight";
				LD_RUNPATH_SEARCH_PATHS = (
					"$(inherited)",
					"@executable_path/Frameworks",
				);
				MARKETING_VERSION = 1.0;
				PRODUCT_BUNDLE_IDENTIFIER = "com.rahulrai.SwiftUI-Learning";
				PRODUCT_NAME = "$(TARGET_NAME)";
				SWIFT_EMIT_LOC_STRINGS = YES;
				SWIFT_VERSION = 5.0;
				TARGETED_DEVICE_FAMILY = "1,2";
			};
			name = Release;
		};
/* End XCBuildConfiguration section */

/* Begin XCConfigurationList section */
		B71F1D6F2C6F642600B5C737 /* Build configuration list for PBXProject "SwiftUI Learning" */ = {
			isa = XCConfigurationList;
			buildConfigurations = (
				B71F1D802C6F642800B5C737 /* Debug */,
				B71F1D812C6F642800B5C737 /* Release */,
			);
			defaultConfigurationIsVisible = 0;
			defaultConfigurationName = Release;
		};
		B71F1D822C6F642800B5C737 /* Build configuration list for PBXNativeTarget "SwiftUI Learning" */ = {
			isa = XCConfigurationList;
			buildConfigurations = (
				B71F1D832C6F642800B5C737 /* Debug */,
				B71F1D842C6F642800B5C737 /* Release */,
			);
			defaultConfigurationIsVisible = 0;
			defaultConfigurationName = Release;
		};
/* End XCConfigurationList section */

/* Begin XCVersionGroup section */
		B71F1DB02C87245B00B5C737 /* FruitsContainer.xcdatamodeld */ = {
			isa = XCVersionGroup;
			children = (
				B71F1DB12C87245C00B5C737 /* FruitsContainer.xcdatamodel */,
			);
			currentVersion = B71F1DB12C87245C00B5C737 /* FruitsContainer.xcdatamodel */;
			name = FruitsContainer.xcdatamodeld;
			path = "/Users/rahul/Documents/All Data/Apps/Practice SWIFTUI/SwiftUI Learning/SwiftUI Learning/Intermediate/FruitsContainer.xcdatamodeld";
			sourceTree = "<group>";
			versionGroupType = wrapper.xcdatamodel;
		};
/* End XCVersionGroup section */
	};
	rootObject = B71F1D6C2C6F642600B5C737 /* Project object */;
}
